// !$*UTF8*$!
{
	archiveVersion = 1;
	classes = {
	};
	objectVersion = 46;
	objects = {

/* Begin PBXBuildFile section */
		4E2ECA751B018A1300125C93 /* main.m in Sources */ = {isa = PBXBuildFile; fileRef = 4E2ECA741B018A1300125C93 /* main.m */; };
		4E2ECA781B018A1300125C93 /* AppDelegate.m in Sources */ = {isa = PBXBuildFile; fileRef = 4E2ECA771B018A1300125C93 /* AppDelegate.m */; };
		4E2ECA7B1B018A1300125C93 /* MapMistery.xcdatamodeld in Sources */ = {isa = PBXBuildFile; fileRef = 4E2ECA791B018A1300125C93 /* MapMistery.xcdatamodeld */; };
		4E2ECA7E1B018A1300125C93 /* ViewController.m in Sources */ = {isa = PBXBuildFile; fileRef = 4E2ECA7D1B018A1300125C93 /* ViewController.m */; };
		4E2ECA811B018A1300125C93 /* Main.storyboard in Resources */ = {isa = PBXBuildFile; fileRef = 4E2ECA7F1B018A1300125C93 /* Main.storyboard */; };
		4E2ECA831B018A1300125C93 /* Images.xcassets in Resources */ = {isa = PBXBuildFile; fileRef = 4E2ECA821B018A1300125C93 /* Images.xcassets */; };
		4E2ECA861B018A1300125C93 /* LaunchScreen.xib in Resources */ = {isa = PBXBuildFile; fileRef = 4E2ECA841B018A1300125C93 /* LaunchScreen.xib */; };
		4E2ECA921B018A1300125C93 /* MapMisteryTests.m in Sources */ = {isa = PBXBuildFile; fileRef = 4E2ECA911B018A1300125C93 /* MapMisteryTests.m */; };
		4E2ECA9C1B0191D700125C93 /* MapKit.framework in Frameworks */ = {isa = PBXBuildFile; fileRef = 4E2ECA9B1B0191D700125C93 /* MapKit.framework */; };
		4E2ECA9F1B01926D00125C93 /* MMMapViewController.m in Sources */ = {isa = PBXBuildFile; fileRef = 4E2ECA9E1B01926D00125C93 /* MMMapViewController.m */; };
		4E2ECAA81B019C1B00125C93 /* Personagem.m in Sources */ = {isa = PBXBuildFile; fileRef = 4E2ECAA71B019C1B00125C93 /* Personagem.m */; };
		4E2ECAAB1B019C7300125C93 /* Caso.m in Sources */ = {isa = PBXBuildFile; fileRef = 4E2ECAAA1B019C7300125C93 /* Caso.m */; };
		4E2ECAAE1B019C7400125C93 /* Local.m in Sources */ = {isa = PBXBuildFile; fileRef = 4E2ECAAD1B019C7400125C93 /* Local.m */; };
		4E2ECAB21B01A2C700125C93 /* MMCasoStore.m in Sources */ = {isa = PBXBuildFile; fileRef = 4E2ECAB11B01A2C700125C93 /* MMCasoStore.m */; };
		4E2ECAB51B01A8D600125C93 /* MMTableViewCasosViewController.m in Sources */ = {isa = PBXBuildFile; fileRef = 4E2ECAB41B01A8D600125C93 /* MMTableViewCasosViewController.m */; };
/* End PBXBuildFile section */

/* Begin PBXContainerItemProxy section */
		4E2ECA8C1B018A1300125C93 /* PBXContainerItemProxy */ = {
			isa = PBXContainerItemProxy;
			containerPortal = 4E2ECA671B018A1300125C93 /* Project object */;
			proxyType = 1;
			remoteGlobalIDString = 4E2ECA6E1B018A1300125C93;
			remoteInfo = MapMistery;
		};
/* End PBXContainerItemProxy section */

/* Begin PBXFileReference section */
		4E2ECA6F1B018A1300125C93 /* MapMistery.app */ = {isa = PBXFileReference; explicitFileType = wrapper.application; includeInIndex = 0; path = MapMistery.app; sourceTree = BUILT_PRODUCTS_DIR; };
		4E2ECA731B018A1300125C93 /* Info.plist */ = {isa = PBXFileReference; lastKnownFileType = text.plist.xml; path = Info.plist; sourceTree = "<group>"; };
		4E2ECA741B018A1300125C93 /* main.m */ = {isa = PBXFileReference; lastKnownFileType = sourcecode.c.objc; path = main.m; sourceTree = "<group>"; };
		4E2ECA761B018A1300125C93 /* AppDelegate.h */ = {isa = PBXFileReference; lastKnownFileType = sourcecode.c.h; path = AppDelegate.h; sourceTree = "<group>"; };
		4E2ECA771B018A1300125C93 /* AppDelegate.m */ = {isa = PBXFileReference; lastKnownFileType = sourcecode.c.objc; path = AppDelegate.m; sourceTree = "<group>"; };
		4E2ECA7A1B018A1300125C93 /* MapMistery.xcdatamodel */ = {isa = PBXFileReference; lastKnownFileType = wrapper.xcdatamodel; path = MapMistery.xcdatamodel; sourceTree = "<group>"; };
		4E2ECA7C1B018A1300125C93 /* ViewController.h */ = {isa = PBXFileReference; lastKnownFileType = sourcecode.c.h; path = ViewController.h; sourceTree = "<group>"; };
		4E2ECA7D1B018A1300125C93 /* ViewController.m */ = {isa = PBXFileReference; lastKnownFileType = sourcecode.c.objc; path = ViewController.m; sourceTree = "<group>"; };
		4E2ECA801B018A1300125C93 /* Base */ = {isa = PBXFileReference; lastKnownFileType = file.storyboard; name = Base; path = Base.lproj/Main.storyboard; sourceTree = "<group>"; };
		4E2ECA821B018A1300125C93 /* Images.xcassets */ = {isa = PBXFileReference; lastKnownFileType = folder.assetcatalog; path = Images.xcassets; sourceTree = "<group>"; };
		4E2ECA851B018A1300125C93 /* Base */ = {isa = PBXFileReference; lastKnownFileType = file.xib; name = Base; path = Base.lproj/LaunchScreen.xib; sourceTree = "<group>"; };
		4E2ECA8B1B018A1300125C93 /* MapMisteryTests.xctest */ = {isa = PBXFileReference; explicitFileType = wrapper.cfbundle; includeInIndex = 0; path = MapMisteryTests.xctest; sourceTree = BUILT_PRODUCTS_DIR; };
		4E2ECA901B018A1300125C93 /* Info.plist */ = {isa = PBXFileReference; lastKnownFileType = text.plist.xml; path = Info.plist; sourceTree = "<group>"; };
		4E2ECA911B018A1300125C93 /* MapMisteryTests.m */ = {isa = PBXFileReference; lastKnownFileType = sourcecode.c.objc; path = MapMisteryTests.m; sourceTree = "<group>"; };
		4E2ECA9B1B0191D700125C93 /* MapKit.framework */ = {isa = PBXFileReference; lastKnownFileType = wrapper.framework; name = MapKit.framework; path = System/Library/Frameworks/MapKit.framework; sourceTree = SDKROOT; };
		4E2ECA9D1B01926D00125C93 /* MMMapViewController.h */ = {isa = PBXFileReference; fileEncoding = 4; lastKnownFileType = sourcecode.c.h; path = MMMapViewController.h; sourceTree = "<group>"; };
		4E2ECA9E1B01926D00125C93 /* MMMapViewController.m */ = {isa = PBXFileReference; fileEncoding = 4; lastKnownFileType = sourcecode.c.objc; path = MMMapViewController.m; sourceTree = "<group>"; };
		4E2ECAA61B019C1B00125C93 /* Personagem.h */ = {isa = PBXFileReference; fileEncoding = 4; lastKnownFileType = sourcecode.c.h; path = Personagem.h; sourceTree = "<group>"; };
		4E2ECAA71B019C1B00125C93 /* Personagem.m */ = {isa = PBXFileReference; fileEncoding = 4; lastKnownFileType = sourcecode.c.objc; path = Personagem.m; sourceTree = "<group>"; };
		4E2ECAA91B019C7300125C93 /* Caso.h */ = {isa = PBXFileReference; fileEncoding = 4; lastKnownFileType = sourcecode.c.h; path = Caso.h; sourceTree = "<group>"; };
		4E2ECAAA1B019C7300125C93 /* Caso.m */ = {isa = PBXFileReference; fileEncoding = 4; lastKnownFileType = sourcecode.c.objc; path = Caso.m; sourceTree = "<group>"; };
		4E2ECAAC1B019C7400125C93 /* Local.h */ = {isa = PBXFileReference; fileEncoding = 4; lastKnownFileType = sourcecode.c.h; path = Local.h; sourceTree = "<group>"; };
		4E2ECAAD1B019C7400125C93 /* Local.m */ = {isa = PBXFileReference; fileEncoding = 4; lastKnownFileType = sourcecode.c.objc; path = Local.m; sourceTree = "<group>"; };
		4E2ECAB01B01A2C700125C93 /* MMCasoStore.h */ = {isa = PBXFileReference; fileEncoding = 4; lastKnownFileType = sourcecode.c.h; path = MMCasoStore.h; sourceTree = "<group>"; };
		4E2ECAB11B01A2C700125C93 /* MMCasoStore.m */ = {isa = PBXFileReference; fileEncoding = 4; lastKnownFileType = sourcecode.c.objc; path = MMCasoStore.m; sourceTree = "<group>"; };
		4E2ECAB31B01A8D600125C93 /* MMTableViewCasosViewController.h */ = {isa = PBXFileReference; fileEncoding = 4; lastKnownFileType = sourcecode.c.h; path = MMTableViewCasosViewController.h; sourceTree = "<group>"; };
		4E2ECAB41B01A8D600125C93 /* MMTableViewCasosViewController.m */ = {isa = PBXFileReference; fileEncoding = 4; lastKnownFileType = sourcecode.c.objc; path = MMTableViewCasosViewController.m; sourceTree = "<group>"; };
/* End PBXFileReference section */

/* Begin PBXFrameworksBuildPhase section */
		4E2ECA6C1B018A1300125C93 /* Frameworks */ = {
			isa = PBXFrameworksBuildPhase;
			buildActionMask = 2147483647;
			files = (
				4E2ECA9C1B0191D700125C93 /* MapKit.framework in Frameworks */,
			);
			runOnlyForDeploymentPostprocessing = 0;
		};
		4E2ECA881B018A1300125C93 /* Frameworks */ = {
			isa = PBXFrameworksBuildPhase;
			buildActionMask = 2147483647;
			files = (
			);
			runOnlyForDeploymentPostprocessing = 0;
		};
/* End PBXFrameworksBuildPhase section */

/* Begin PBXGroup section */
		4E2ECA661B018A1300125C93 = {
			isa = PBXGroup;
			children = (
				4E2ECA9B1B0191D700125C93 /* MapKit.framework */,
				4E2ECA711B018A1300125C93 /* MapMistery */,
				4E2ECA8E1B018A1300125C93 /* MapMisteryTests */,
				4E2ECA701B018A1300125C93 /* Products */,
			);
			sourceTree = "<group>";
		};
		4E2ECA701B018A1300125C93 /* Products */ = {
			isa = PBXGroup;
			children = (
				4E2ECA6F1B018A1300125C93 /* MapMistery.app */,
				4E2ECA8B1B018A1300125C93 /* MapMisteryTests.xctest */,
			);
			name = Products;
			sourceTree = "<group>";
		};
		4E2ECA711B018A1300125C93 /* MapMistery */ = {
			isa = PBXGroup;
			children = (
				4E2ECAB61B01A8FD00125C93 /* Controller */,
				4E2ECAAF1B019C8800125C93 /* Model */,
				4E2ECA761B018A1300125C93 /* AppDelegate.h */,
				4E2ECA771B018A1300125C93 /* AppDelegate.m */,
				4E2ECA7F1B018A1300125C93 /* Main.storyboard */,
				4E2ECA821B018A1300125C93 /* Images.xcassets */,
				4E2ECA841B018A1300125C93 /* LaunchScreen.xib */,
				4E2ECA791B018A1300125C93 /* MapMistery.xcdatamodeld */,
				4E2ECA721B018A1300125C93 /* Supporting Files */,
			);
			path = MapMistery;
			sourceTree = "<group>";
		};
		4E2ECA721B018A1300125C93 /* Supporting Files */ = {
			isa = PBXGroup;
			children = (
				4E2ECA731B018A1300125C93 /* Info.plist */,
				4E2ECA741B018A1300125C93 /* main.m */,
			);
			name = "Supporting Files";
			sourceTree = "<group>";
		};
		4E2ECA8E1B018A1300125C93 /* MapMisteryTests */ = {
			isa = PBXGroup;
			children = (
				4E2ECA911B018A1300125C93 /* MapMisteryTests.m */,
				4E2ECA8F1B018A1300125C93 /* Supporting Files */,
			);
			path = MapMisteryTests;
			sourceTree = "<group>";
		};
		4E2ECA8F1B018A1300125C93 /* Supporting Files */ = {
			isa = PBXGroup;
			children = (
				4E2ECA901B018A1300125C93 /* Info.plist */,
			);
			name = "Supporting Files";
			sourceTree = "<group>";
		};
		4E2ECAAF1B019C8800125C93 /* Model */ = {
			isa = PBXGroup;
			children = (
				4E2ECAAC1B019C7400125C93 /* Local.h */,
				4E2ECAAD1B019C7400125C93 /* Local.m */,
				4E2ECAA91B019C7300125C93 /* Caso.h */,
				4E2ECAAA1B019C7300125C93 /* Caso.m */,
				4E2ECAA61B019C1B00125C93 /* Personagem.h */,
				4E2ECAA71B019C1B00125C93 /* Personagem.m */,
				4E2ECAB01B01A2C700125C93 /* MMCasoStore.h */,
				4E2ECAB11B01A2C700125C93 /* MMCasoStore.m */,
			);
			name = Model;
			sourceTree = "<group>";
		};
		4E2ECAB61B01A8FD00125C93 /* Controller */ = {
			isa = PBXGroup;
			children = (
				4E2ECA7C1B018A1300125C93 /* ViewController.h */,
				4E2ECA7D1B018A1300125C93 /* ViewController.m */,
				4E2ECA9D1B01926D00125C93 /* MMMapViewController.h */,
				4E2ECA9E1B01926D00125C93 /* MMMapViewController.m */,
				4E2ECAB31B01A8D600125C93 /* MMTableViewCasosViewController.h */,
				4E2ECAB41B01A8D600125C93 /* MMTableViewCasosViewController.m */,
			);
			name = Controller;
			sourceTree = "<group>";
		};
/* End PBXGroup section */

/* Begin PBXNativeTarget section */
		4E2ECA6E1B018A1300125C93 /* MapMistery */ = {
			isa = PBXNativeTarget;
			buildConfigurationList = 4E2ECA951B018A1300125C93 /* Build configuration list for PBXNativeTarget "MapMistery" */;
			buildPhases = (
				4E2ECA6B1B018A1300125C93 /* Sources */,
				4E2ECA6C1B018A1300125C93 /* Frameworks */,
				4E2ECA6D1B018A1300125C93 /* Resources */,
			);
			buildRules = (
			);
			dependencies = (
			);
			name = MapMistery;
			productName = MapMistery;
			productReference = 4E2ECA6F1B018A1300125C93 /* MapMistery.app */;
			productType = "com.apple.product-type.application";
		};
		4E2ECA8A1B018A1300125C93 /* MapMisteryTests */ = {
			isa = PBXNativeTarget;
			buildConfigurationList = 4E2ECA981B018A1300125C93 /* Build configuration list for PBXNativeTarget "MapMisteryTests" */;
			buildPhases = (
				4E2ECA871B018A1300125C93 /* Sources */,
				4E2ECA881B018A1300125C93 /* Frameworks */,
				4E2ECA891B018A1300125C93 /* Resources */,
			);
			buildRules = (
			);
			dependencies = (
				4E2ECA8D1B018A1300125C93 /* PBXTargetDependency */,
			);
			name = MapMisteryTests;
			productName = MapMisteryTests;
			productReference = 4E2ECA8B1B018A1300125C93 /* MapMisteryTests.xctest */;
			productType = "com.apple.product-type.bundle.unit-test";
		};
/* End PBXNativeTarget section */

/* Begin PBXProject section */
		4E2ECA671B018A1300125C93 /* Project object */ = {
			isa = PBXProject;
			attributes = {
				LastUpgradeCheck = 0630;
				ORGANIZATIONNAME = BEPID;
				TargetAttributes = {
					4E2ECA6E1B018A1300125C93 = {
						CreatedOnToolsVersion = 6.3.1;
					};
					4E2ECA8A1B018A1300125C93 = {
						CreatedOnToolsVersion = 6.3.1;
						TestTargetID = 4E2ECA6E1B018A1300125C93;
					};
				};
			};
			buildConfigurationList = 4E2ECA6A1B018A1300125C93 /* Build configuration list for PBXProject "MapMistery" */;
			compatibilityVersion = "Xcode 3.2";
			developmentRegion = English;
			hasScannedForEncodings = 0;
			knownRegions = (
				en,
				Base,
			);
			mainGroup = 4E2ECA661B018A1300125C93;
			productRefGroup = 4E2ECA701B018A1300125C93 /* Products */;
			projectDirPath = "";
			projectRoot = "";
			targets = (
				4E2ECA6E1B018A1300125C93 /* MapMistery */,
				4E2ECA8A1B018A1300125C93 /* MapMisteryTests */,
			);
		};
/* End PBXProject section */

/* Begin PBXResourcesBuildPhase section */
		4E2ECA6D1B018A1300125C93 /* Resources */ = {
			isa = PBXResourcesBuildPhase;
			buildActionMask = 2147483647;
			files = (
				4E2ECA811B018A1300125C93 /* Main.storyboard in Resources */,
				4E2ECA861B018A1300125C93 /* LaunchScreen.xib in Resources */,
				4E2ECA831B018A1300125C93 /* Images.xcassets in Resources */,
			);
			runOnlyForDeploymentPostprocessing = 0;
		};
		4E2ECA891B018A1300125C93 /* Resources */ = {
			isa = PBXResourcesBuildPhase;
			buildActionMask = 2147483647;
			files = (
			);
			runOnlyForDeploymentPostprocessing = 0;
		};
/* End PBXResourcesBuildPhase section */

/* Begin PBXSourcesBuildPhase section */
		4E2ECA6B1B018A1300125C93 /* Sources */ = {
			isa = PBXSourcesBuildPhase;
			buildActionMask = 2147483647;
			files = (
				4E2ECAAB1B019C7300125C93 /* Caso.m in Sources */,
				4E2ECA7B1B018A1300125C93 /* MapMistery.xcdatamodeld in Sources */,
				4E2ECA781B018A1300125C93 /* AppDelegate.m in Sources */,
				4E2ECA9F1B01926D00125C93 /* MMMapViewController.m in Sources */,
				4E2ECA7E1B018A1300125C93 /* ViewController.m in Sources */,
				4E2ECAAE1B019C7400125C93 /* Local.m in Sources */,
				4E2ECAA81B019C1B00125C93 /* Personagem.m in Sources */,
				4E2ECA751B018A1300125C93 /* main.m in Sources */,
				4E2ECAB51B01A8D600125C93 /* MMTableViewCasosViewController.m in Sources */,
				4E2ECAB21B01A2C700125C93 /* MMCasoStore.m in Sources */,
			);
			runOnlyForDeploymentPostprocessing = 0;
		};
		4E2ECA871B018A1300125C93 /* Sources */ = {
			isa = PBXSourcesBuildPhase;
			buildActionMask = 2147483647;
			files = (
				4E2ECA921B018A1300125C93 /* MapMisteryTests.m in Sources */,
			);
			runOnlyForDeploymentPostprocessing = 0;
		};
/* End PBXSourcesBuildPhase section */

/* Begin PBXTargetDependency section */
		4E2ECA8D1B018A1300125C93 /* PBXTargetDependency */ = {
			isa = PBXTargetDependency;
			target = 4E2ECA6E1B018A1300125C93 /* MapMistery */;
			targetProxy = 4E2ECA8C1B018A1300125C93 /* PBXContainerItemProxy */;
		};
/* End PBXTargetDependency section */

/* Begin PBXVariantGroup section */
		4E2ECA7F1B018A1300125C93 /* Main.storyboard */ = {
			isa = PBXVariantGroup;
			children = (
				4E2ECA801B018A1300125C93 /* Base */,
			);
			name = Main.storyboard;
			sourceTree = "<group>";
		};
		4E2ECA841B018A1300125C93 /* LaunchScreen.xib */ = {
			isa = PBXVariantGroup;
			children = (
				4E2ECA851B018A1300125C93 /* Base */,
			);
			name = LaunchScreen.xib;
			sourceTree = "<group>";
		};
/* End PBXVariantGroup section */

/* Begin XCBuildConfiguration section */
		4E2ECA931B018A1300125C93 /* Debug */ = {
			isa = XCBuildConfiguration;
			buildSettings = {
				ALWAYS_SEARCH_USER_PATHS = NO;
				CLANG_CXX_LANGUAGE_STANDARD = "gnu++0x";
				CLANG_CXX_LIBRARY = "libc++";
				CLANG_ENABLE_MODULES = YES;
				CLANG_ENABLE_OBJC_ARC = YES;
				CLANG_WARN_BOOL_CONVERSION = YES;
				CLANG_WARN_CONSTANT_CONVERSION = YES;
				CLANG_WARN_DIRECT_OBJC_ISA_USAGE = YES_ERROR;
				CLANG_WARN_EMPTY_BODY = YES;
				CLANG_WARN_ENUM_CONVERSION = YES;
				CLANG_WARN_INT_CONVERSION = YES;
				CLANG_WARN_OBJC_ROOT_CLASS = YES_ERROR;
				CLANG_WARN_UNREACHABLE_CODE = YES;
				CLANG_WARN__DUPLICATE_METHOD_MATCH = YES;
				"CODE_SIGN_IDENTITY[sdk=iphoneos*]" = "iPhone Developer";
				COPY_PHASE_STRIP = NO;
				DEBUG_INFORMATION_FORMAT = "dwarf-with-dsym";
				ENABLE_STRICT_OBJC_MSGSEND = YES;
				GCC_C_LANGUAGE_STANDARD = gnu99;
				GCC_DYNAMIC_NO_PIC = NO;
				GCC_NO_COMMON_BLOCKS = YES;
				GCC_OPTIMIZATION_LEVEL = 0;
				GCC_PREPROCESSOR_DEFINITIONS = (
					"DEBUG=1",
					"$(inherited)",
				);
				GCC_SYMBOLS_PRIVATE_EXTERN = NO;
				GCC_WARN_64_TO_32_BIT_CONVERSION = YES;
				GCC_WARN_ABOUT_RETURN_TYPE = YES_ERROR;
				GCC_WARN_UNDECLARED_SELECTOR = YES;
				GCC_WARN_UNINITIALIZED_AUTOS = YES_AGGRESSIVE;
				GCC_WARN_UNUSED_FUNCTION = YES;
				GCC_WARN_UNUSED_VARIABLE = YES;
				IPHONEOS_DEPLOYMENT_TARGET = 8.3;
				MTL_ENABLE_DEBUG_INFO = YES;
				ONLY_ACTIVE_ARCH = YES;
				SDKROOT = iphoneos;
				TARGETED_DEVICE_FAMILY = "1,2";
			};
			name = Debug;
		};
		4E2ECA941B018A1300125C93 /* Release */ = {
			isa = XCBuildConfiguration;
			buildSettings = {
				ALWAYS_SEARCH_USER_PATHS = NO;
				CLANG_CXX_LANGUAGE_STANDARD = "gnu++0x";
				CLANG_CXX_LIBRARY = "libc++";
				CLANG_ENABLE_MODULES = YES;
				CLANG_ENABLE_OBJC_ARC = YES;
				CLANG_WARN_BOOL_CONVERSION = YES;
				CLANG_WARN_CONSTANT_CONVERSION = YES;
				CLANG_WARN_DIRECT_OBJC_ISA_USAGE = YES_ERROR;
				CLANG_WARN_EMPTY_BODY = YES;
				CLANG_WARN_ENUM_CONVERSION = YES;
				CLANG_WARN_INT_CONVERSION = YES;
				CLANG_WARN_OBJC_ROOT_CLASS = YES_ERROR;
				CLANG_WARN_UNREACHABLE_CODE = YES;
				CLANG_WARN__DUPLICATE_METHOD_MATCH = YES;
				"CODE_SIGN_IDENTITY[sdk=iphoneos*]" = "iPhone Developer";
				COPY_PHASE_STRIP = NO;
				DEBUG_INFORMATION_FORMAT = "dwarf-with-dsym";
				ENABLE_NS_ASSERTIONS = NO;
				ENABLE_STRICT_OBJC_MSGSEND = YES;
				GCC_C_LANGUAGE_STANDARD = gnu99;
				GCC_NO_COMMON_BLOCKS = YES;
				GCC_WARN_64_TO_32_BIT_CONVERSION = YES;
				GCC_WARN_ABOUT_RETURN_TYPE = YES_ERROR;
				GCC_WARN_UNDECLARED_SELECTOR = YES;
				GCC_WARN_UNINITIALIZED_AUTOS = YES_AGGRESSIVE;
				GCC_WARN_UNUSED_FUNCTION = YES;
				GCC_WARN_UNUSED_VARIABLE = YES;
				IPHONEOS_DEPLOYMENT_TARGET = 8.3;
				MTL_ENABLE_DEBUG_INFO = NO;
				SDKROOT = iphoneos;
				TARGETED_DEVICE_FAMILY = "1,2";
				VALIDATE_PRODUCT = YES;
			};
			name = Release;
		};
		4E2ECA961B018A1300125C93 /* Debug */ = {
			isa = XCBuildConfiguration;
			buildSettings = {
				ASSETCATALOG_COMPILER_APPICON_NAME = AppIcon;
				INFOPLIST_FILE = MapMistery/Info.plist;
				LD_RUNPATH_SEARCH_PATHS = "$(inherited) @executable_path/Frameworks";
				PRODUCT_NAME = "$(TARGET_NAME)";
			};
			name = Debug;
		};
		4E2ECA971B018A1300125C93 /* Release */ = {
			isa = XCBuildConfiguration;
			buildSettings = {
				ASSETCATALOG_COMPILER_APPICON_NAME = AppIcon;
				INFOPLIST_FILE = MapMistery/Info.plist;
				LD_RUNPATH_SEARCH_PATHS = "$(inherited) @executable_path/Frameworks";
				PRODUCT_NAME = "$(TARGET_NAME)";
			};
			name = Release;
		};
		4E2ECA991B018A1300125C93 /* Debug */ = {
			isa = XCBuildConfiguration;
			buildSettings = {
				BUNDLE_LOADER = "$(TEST_HOST)";
				FRAMEWORK_SEARCH_PATHS = (
					"$(SDKROOT)/Developer/Library/Frameworks",
					"$(inherited)",
				);
				GCC_PREPROCESSOR_DEFINITIONS = (
					"DEBUG=1",
					"$(inherited)",
				);
				INFOPLIST_FILE = MapMisteryTests/Info.plist;
				LD_RUNPATH_SEARCH_PATHS = "$(inherited) @executable_path/Frameworks @loader_path/Frameworks";
				PRODUCT_NAME = "$(TARGET_NAME)";
				TEST_HOST = "$(BUILT_PRODUCTS_DIR)/MapMistery.app/MapMistery";
			};
			name = Debug;
		};
		4E2ECA9A1B018A1300125C93 /* Release */ = {
			isa = XCBuildConfiguration;
			buildSettings = {
				BUNDLE_LOADER = "$(TEST_HOST)";
				FRAMEWORK_SEARCH_PATHS = (
					"$(SDKROOT)/Developer/Library/Frameworks",
					"$(inherited)",
				);
				INFOPLIST_FILE = MapMisteryTests/Info.plist;
				LD_RUNPATH_SEARCH_PATHS = "$(inherited) @executable_path/Frameworks @loader_path/Frameworks";
				PRODUCT_NAME = "$(TARGET_NAME)";
				TEST_HOST = "$(BUILT_PRODUCTS_DIR)/MapMistery.app/MapMistery";
			};
			name = Release;
		};
/* End XCBuildConfiguration section */

/* Begin XCConfigurationList section */
		4E2ECA6A1B018A1300125C93 /* Build configuration list for PBXProject "MapMistery" */ = {
			isa = XCConfigurationList;
			buildConfigurations = (
				4E2ECA931B018A1300125C93 /* Debug */,
				4E2ECA941B018A1300125C93 /* Release */,
			);
			defaultConfigurationIsVisible = 0;
			defaultConfigurationName = Release;
		};
		4E2ECA951B018A1300125C93 /* Build configuration list for PBXNativeTarget "MapMistery" */ = {
			isa = XCConfigurationList;
			buildConfigurations = (
				4E2ECA961B018A1300125C93 /* Debug */,
				4E2ECA971B018A1300125C93 /* Release */,
			);
			defaultConfigurationIsVisible = 0;
		};
		4E2ECA981B018A1300125C93 /* Build configuration list for PBXNativeTarget "MapMisteryTests" */ = {
			isa = XCConfigurationList;
			buildConfigurations = (
				4E2ECA991B018A1300125C93 /* Debug */,
				4E2ECA9A1B018A1300125C93 /* Release */,
			);
			defaultConfigurationIsVisible = 0;
		};
/* End XCConfigurationList section */

/* Begin XCVersionGroup section */
		4E2ECA791B018A1300125C93 /* MapMistery.xcdatamodeld */ = {
			isa = XCVersionGroup;
			children = (
				4E2ECA7A1B018A1300125C93 /* MapMistery.xcdatamodel */,
			);
			currentVersion = 4E2ECA7A1B018A1300125C93 /* MapMistery.xcdatamodel */;
			path = MapMistery.xcdatamodeld;
			sourceTree = "<group>";
			versionGroupType = wrapper.xcdatamodel;
		};
/* End XCVersionGroup section */
	};
	rootObject = 4E2ECA671B018A1300125C93 /* Project object */;
}
